
Microsoft Visual Studio Solution File, Format Version 12.00
# Visual Studio Version 16
VisualStudioVersion = 16.0.31112.23
MinimumVisualStudioVersion = 10.0.40219.1
Project("{FAE04EC0-301F-11D3-BF4B-00C04F79EFBC}") = "Tuples", "Tuples\Tuples.csproj", "{73EEE44C-2812-44A9-8F2A-1CD5776D4290}"
EndProject
Global
	GlobalSection(SolutionConfigurationPlatforms) = preSolution
		Debug|Any CPU = Debug|Any CPU
		Release|Any CPU = Release|Any CPU
	EndGlobalSection
	GlobalSection(ProjectConfigurationPlatforms) = postSolution
		{73EEE44C-2812-44A9-8F2A-1CD5776D4290}.Debug|Any CPU.ActiveCfg = Debug|Any CPU
		{73EEE44C-2812-44A9-8F2A-1CD5776D4290}.Debug|Any CPU.Build.0 = Debug|Any CPU
		{73EEE44C-2812-44A9-8F2A-1CD5776D4290}.Release|Any CPU.ActiveCfg = Release|Any CPU
		{73EEE44C-2812-44A9-8F2A-1CD5776D4290}.Release|Any CPU.Build.0 = Release|Any CPU
	EndGlobalSection
	GlobalSection(SolutionProperties) = preSolution
		HideSolutionNode = FALSE
	EndGlobalSection
	GlobalSection(ExtensibilityGlobals) = postSolution
		SolutionGuid = {D103E79F-3B56-49ED-B09C-E7CDEB8806C3}
	EndGlobalSection
EndGlobal
